
Microsoft Visual Studio Solution File, Format Version 12.00
# Visual Studio Version 16
VisualStudioVersion = 16.0.29215.179
MinimumVisualStudioVersion = 10.0.40219.1
Project("{888888A0-9F3D-457C-B088-3A5042F75D52}") = "RC4_Encryption", "RC4_Encryption\RC4_Encryption.pyproj", "{0B7F7C93-36BF-49F3-9ADD-33578F252725}"
EndProject
Global
	GlobalSection(SolutionConfigurationPlatforms) = preSolution
		Debug|Any CPU = Debug|Any CPU
		Release|Any CPU = Release|Any CPU
	EndGlobalSection
	GlobalSection(ProjectConfigurationPlatforms) = postSolution
		{0B7F7C93-36BF-49F3-9ADD-33578F252725}.Debug|Any CPU.ActiveCfg = Debug|Any CPU
		{0B7F7C93-36BF-49F3-9ADD-33578F252725}.Release|Any CPU.ActiveCfg = Release|Any CPU
	EndGlobalSection
	GlobalSection(SolutionProperties) = preSolution
		HideSolutionNode = FALSE
	EndGlobalSection
	GlobalSection(ExtensibilityGlobals) = postSolution
		SolutionGuid = {FE18A173-1123-47B1-8613-2E8560479331}
	EndGlobalSection
EndGlobal
